// !$*UTF8*$!
{
	archiveVersion = 1;
	classes = {
	};
	objectVersion = 56;
	objects = {

/* Begin PBXBuildFile section */
		9D68A4E12A4DE0B700BEC781 /* AppDelegate.swift in Sources */ = {isa = PBXBuildFile; fileRef = 9D68A4E02A4DE0B700BEC781 /* AppDelegate.swift */; };
		9D68A4E32A4DE0B700BEC781 /* SceneDelegate.swift in Sources */ = {isa = PBXBuildFile; fileRef = 9D68A4E22A4DE0B700BEC781 /* SceneDelegate.swift */; };
		9D68A4E52A4DE0B700BEC781 /* TableViewController.swift in Sources */ = {isa = PBXBuildFile; fileRef = 9D68A4E42A4DE0B700BEC781 /* TableViewController.swift */; };
		9D68A4E82A4DE0B700BEC781 /* Main.storyboard in Resources */ = {isa = PBXBuildFile; fileRef = 9D68A4E62A4DE0B700BEC781 /* Main.storyboard */; };
		9D68A4EA2A4DE0B900BEC781 /* Assets.xcassets in Resources */ = {isa = PBXBuildFile; fileRef = 9D68A4E92A4DE0B900BEC781 /* Assets.xcassets */; };
		9D68A4ED2A4DE0B900BEC781 /* LaunchScreen.storyboard in Resources */ = {isa = PBXBuildFile; fileRef = 9D68A4EB2A4DE0B900BEC781 /* LaunchScreen.storyboard */; };
		9D68A4FE2A4E124F00BEC781 /* Model.swift in Sources */ = {isa = PBXBuildFile; fileRef = 9D68A4FD2A4E124F00BEC781 /* Model.swift */; };
		9D68A5002A4E14ED00BEC781 /* ViewModel.swift in Sources */ = {isa = PBXBuildFile; fileRef = 9D68A4FF2A4E14ED00BEC781 /* ViewModel.swift */; };
		9D68A5022A4E27A000BEC781 /* TableViewCell.swift in Sources */ = {isa = PBXBuildFile; fileRef = 9D68A5012A4E27A000BEC781 /* TableViewCell.swift */; };
		9D850CA32A4E441600EF49DB /* colors.swift in Sources */ = {isa = PBXBuildFile; fileRef = 9D850CA22A4E441600EF49DB /* colors.swift */; };
		9DA736882A5726D20096B292 /* Networking.swift in Sources */ = {isa = PBXBuildFile; fileRef = 9DA736872A5726D20096B292 /* Networking.swift */; };
		9DA7368A2A5755CE0096B292 /* PostsViewController.swift in Sources */ = {isa = PBXBuildFile; fileRef = 9DA736892A5755CE0096B292 /* PostsViewController.swift */; };
		9DA7368C2A57588B0096B292 /* PostsTableViewCell.swift in Sources */ = {isa = PBXBuildFile; fileRef = 9DA7368B2A57588B0096B292 /* PostsTableViewCell.swift */; };
		9DEE43702A65EDC5000A3A53 /* ViewControllerStoryboard.swift in Sources */ = {isa = PBXBuildFile; fileRef = 9DEE436F2A65EDC5000A3A53 /* ViewControllerStoryboard.swift */; };
/* End PBXBuildFile section */

/* Begin PBXFileReference section */
		9D68A4DD2A4DE0B700BEC781 /* Prueba de Ingreso.app */ = {isa = PBXFileReference; explicitFileType = wrapper.application; includeInIndex = 0; path = "Prueba de Ingreso.app"; sourceTree = BUILT_PRODUCTS_DIR; };
		9D68A4E02A4DE0B700BEC781 /* AppDelegate.swift */ = {isa = PBXFileReference; lastKnownFileType = sourcecode.swift; path = AppDelegate.swift; sourceTree = "<group>"; };
		9D68A4E22A4DE0B700BEC781 /* SceneDelegate.swift */ = {isa = PBXFileReference; lastKnownFileType = sourcecode.swift; path = SceneDelegate.swift; sourceTree = "<group>"; };
		9D68A4E42A4DE0B700BEC781 /* TableViewController.swift */ = {isa = PBXFileReference; lastKnownFileType = sourcecode.swift; path = TableViewController.swift; sourceTree = "<group>"; };
		9D68A4E72A4DE0B700BEC781 /* Base */ = {isa = PBXFileReference; lastKnownFileType = file.storyboard; name = Base; path = Base.lproj/Main.storyboard; sourceTree = "<group>"; };
		9D68A4E92A4DE0B900BEC781 /* Assets.xcassets */ = {isa = PBXFileReference; lastKnownFileType = folder.assetcatalog; path = Assets.xcassets; sourceTree = "<group>"; };
		9D68A4EC2A4DE0B900BEC781 /* Base */ = {isa = PBXFileReference; lastKnownFileType = file.storyboard; name = Base; path = Base.lproj/LaunchScreen.storyboard; sourceTree = "<group>"; };
		9D68A4EE2A4DE0B900BEC781 /* Info.plist */ = {isa = PBXFileReference; lastKnownFileType = text.plist.xml; path = Info.plist; sourceTree = "<group>"; };
		9D68A4FD2A4E124F00BEC781 /* Model.swift */ = {isa = PBXFileReference; lastKnownFileType = sourcecode.swift; path = Model.swift; sourceTree = "<group>"; };
		9D68A4FF2A4E14ED00BEC781 /* ViewModel.swift */ = {isa = PBXFileReference; lastKnownFileType = sourcecode.swift; path = ViewModel.swift; sourceTree = "<group>"; };
		9D68A5012A4E27A000BEC781 /* TableViewCell.swift */ = {isa = PBXFileReference; lastKnownFileType = sourcecode.swift; path = TableViewCell.swift; sourceTree = "<group>"; };
		9D850CA22A4E441600EF49DB /* colors.swift */ = {isa = PBXFileReference; lastKnownFileType = sourcecode.swift; path = colors.swift; sourceTree = "<group>"; };
		9DA736872A5726D20096B292 /* Networking.swift */ = {isa = PBXFileReference; lastKnownFileType = sourcecode.swift; path = Networking.swift; sourceTree = "<group>"; };
		9DA736892A5755CE0096B292 /* PostsViewController.swift */ = {isa = PBXFileReference; lastKnownFileType = sourcecode.swift; path = PostsViewController.swift; sourceTree = "<group>"; };
		9DA7368B2A57588B0096B292 /* PostsTableViewCell.swift */ = {isa = PBXFileReference; lastKnownFileType = sourcecode.swift; path = PostsTableViewCell.swift; sourceTree = "<group>"; };
		9DEE436F2A65EDC5000A3A53 /* ViewControllerStoryboard.swift */ = {isa = PBXFileReference; lastKnownFileType = sourcecode.swift; path = ViewControllerStoryboard.swift; sourceTree = "<group>"; };
/* End PBXFileReference section */

/* Begin PBXFrameworksBuildPhase section */
		9D68A4DA2A4DE0B700BEC781 /* Frameworks */ = {
			isa = PBXFrameworksBuildPhase;
			buildActionMask = 2147483647;
			files = (
			);
			runOnlyForDeploymentPostprocessing = 0;
		};
/* End PBXFrameworksBuildPhase section */

/* Begin PBXGroup section */
		9D68A4D42A4DE0B700BEC781 = {
			isa = PBXGroup;
			children = (
				9D68A4DF2A4DE0B700BEC781 /* Prueba de Ingreso */,
				9D68A4DE2A4DE0B700BEC781 /* Products */,
			);
			sourceTree = "<group>";
		};
		9D68A4DE2A4DE0B700BEC781 /* Products */ = {
			isa = PBXGroup;
			children = (
				9D68A4DD2A4DE0B700BEC781 /* Prueba de Ingreso.app */,
			);
			name = Products;
			sourceTree = "<group>";
		};
		9D68A4DF2A4DE0B700BEC781 /* Prueba de Ingreso */ = {
			isa = PBXGroup;
			children = (
				9D850CA12A4E43E600EF49DB /* utilities */,
				9D68A4F72A4DE26B00BEC781 /* ViewControllers */,
				9D68A4F62A4DE26200BEC781 /* Model */,
				9D68A4F52A4DE25800BEC781 /* ViewModel */,
				9D68A4F42A4DE24F00BEC781 /* Views */,
				9D68A4E02A4DE0B700BEC781 /* AppDelegate.swift */,
				9D68A4E22A4DE0B700BEC781 /* SceneDelegate.swift */,
				9D68A4E62A4DE0B700BEC781 /* Main.storyboard */,
				9D68A4E92A4DE0B900BEC781 /* Assets.xcassets */,
				9D68A4EB2A4DE0B900BEC781 /* LaunchScreen.storyboard */,
				9D68A4EE2A4DE0B900BEC781 /* Info.plist */,
			);
			path = "Prueba de Ingreso";
			sourceTree = "<group>";
		};
		9D68A4F42A4DE24F00BEC781 /* Views */ = {
			isa = PBXGroup;
			children = (
				9D68A5012A4E27A000BEC781 /* TableViewCell.swift */,
				9DA7368B2A57588B0096B292 /* PostsTableViewCell.swift */,
			);
			path = Views;
			sourceTree = "<group>";
		};
		9D68A4F52A4DE25800BEC781 /* ViewModel */ = {
			isa = PBXGroup;
			children = (
				9D68A4FF2A4E14ED00BEC781 /* ViewModel.swift */,
				9DA736872A5726D20096B292 /* Networking.swift */,
			);
			path = ViewModel;
			sourceTree = "<group>";
		};
		9D68A4F62A4DE26200BEC781 /* Model */ = {
			isa = PBXGroup;
			children = (
				9D68A4FD2A4E124F00BEC781 /* Model.swift */,
			);
			path = Model;
			sourceTree = "<group>";
		};
		9D68A4F72A4DE26B00BEC781 /* ViewControllers */ = {
			isa = PBXGroup;
			children = (
				9D68A4E42A4DE0B700BEC781 /* TableViewController.swift */,
				9DA736892A5755CE0096B292 /* PostsViewController.swift */,
				9DEE436F2A65EDC5000A3A53 /* ViewControllerStoryboard.swift */,
			);
			path = ViewControllers;
			sourceTree = "<group>";
		};
		9D850CA12A4E43E600EF49DB /* utilities */ = {
			isa = PBXGroup;
			children = (
				9D850CA22A4E441600EF49DB /* colors.swift */,
			);
			path = utilities;
			sourceTree = "<group>";
		};
/* End PBXGroup section */

/* Begin PBXNativeTarget section */
		9D68A4DC2A4DE0B700BEC781 /* Prueba de Ingreso */ = {
			isa = PBXNativeTarget;
			buildConfigurationList = 9D68A4F12A4DE0B900BEC781 /* Build configuration list for PBXNativeTarget "Prueba de Ingreso" */;
			buildPhases = (
				9D68A4D92A4DE0B700BEC781 /* Sources */,
				9D68A4DA2A4DE0B700BEC781 /* Frameworks */,
				9D68A4DB2A4DE0B700BEC781 /* Resources */,
			);
			buildRules = (
			);
			dependencies = (
			);
			name = "Prueba de Ingreso";
			productName = "Prueba de Ingreso";
			productReference = 9D68A4DD2A4DE0B700BEC781 /* Prueba de Ingreso.app */;
			productType = "com.apple.product-type.application";
		};
/* End PBXNativeTarget section */

/* Begin PBXProject section */
		9D68A4D52A4DE0B700BEC781 /* Project object */ = {
			isa = PBXProject;
			attributes = {
				BuildIndependentTargetsInParallel = 1;
				LastSwiftUpdateCheck = 1430;
				LastUpgradeCheck = 1430;
				TargetAttributes = {
					9D68A4DC2A4DE0B700BEC781 = {
						CreatedOnToolsVersion = 14.3;
					};
				};
			};
			buildConfigurationList = 9D68A4D82A4DE0B700BEC781 /* Build configuration list for PBXProject "Prueba de Ingreso" */;
			compatibilityVersion = "Xcode 14.0";
			developmentRegion = en;
			hasScannedForEncodings = 0;
			knownRegions = (
				en,
				Base,
			);
			mainGroup = 9D68A4D42A4DE0B700BEC781;
			productRefGroup = 9D68A4DE2A4DE0B700BEC781 /* Products */;
			projectDirPath = "";
			projectRoot = "";
			targets = (
				9D68A4DC2A4DE0B700BEC781 /* Prueba de Ingreso */,
			);
		};
/* End PBXProject section */

/* Begin PBXResourcesBuildPhase section */
		9D68A4DB2A4DE0B700BEC781 /* Resources */ = {
			isa = PBXResourcesBuildPhase;
			buildActionMask = 2147483647;
			files = (
				9D68A4ED2A4DE0B900BEC781 /* LaunchScreen.storyboard in Resources */,
				9D68A4EA2A4DE0B900BEC781 /* Assets.xcassets in Resources */,
				9D68A4E82A4DE0B700BEC781 /* Main.storyboard in Resources */,
			);
			runOnlyForDeploymentPostprocessing = 0;
		};
/* End PBXResourcesBuildPhase section */

/* Begin PBXSourcesBuildPhase section */
		9D68A4D92A4DE0B700BEC781 /* Sources */ = {
			isa = PBXSourcesBuildPhase;
			buildActionMask = 2147483647;
			files = (
				9D68A4FE2A4E124F00BEC781 /* Model.swift in Sources */,
				9D68A4E52A4DE0B700BEC781 /* TableViewController.swift in Sources */,
				9D850CA32A4E441600EF49DB /* colors.swift in Sources */,
				9DA7368A2A5755CE0096B292 /* PostsViewController.swift in Sources */,
				9DA736882A5726D20096B292 /* Networking.swift in Sources */,
				9DEE43702A65EDC5000A3A53 /* ViewControllerStoryboard.swift in Sources */,
				9D68A5002A4E14ED00BEC781 /* ViewModel.swift in Sources */,
				9D68A5022A4E27A000BEC781 /* TableViewCell.swift in Sources */,
				9DA7368C2A57588B0096B292 /* PostsTableViewCell.swift in Sources */,
				9D68A4E12A4DE0B700BEC781 /* AppDelegate.swift in Sources */,
				9D68A4E32A4DE0B700BEC781 /* SceneDelegate.swift in Sources */,
			);
			runOnlyForDeploymentPostprocessing = 0;
		};
/* End PBXSourcesBuildPhase section */

/* Begin PBXVariantGroup section */
		9D68A4E62A4DE0B700BEC781 /* Main.storyboard */ = {
			isa = PBXVariantGroup;
			children = (
				9D68A4E72A4DE0B700BEC781 /* Base */,
			);
			name = Main.storyboard;
			sourceTree = "<group>";
		};
		9D68A4EB2A4DE0B900BEC781 /* LaunchScreen.storyboard */ = {
			isa = PBXVariantGroup;
			children = (
				9D68A4EC2A4DE0B900BEC781 /* Base */,
			);
			name = LaunchScreen.storyboard;
			sourceTree = "<group>";
		};
/* End PBXVariantGroup section */

/* Begin XCBuildConfiguration section */
		9D68A4EF2A4DE0B900BEC781 /* Debug */ = {
			isa = XCBuildConfiguration;
			buildSettings = {
				ALWAYS_SEARCH_USER_PATHS = NO;
				CLANG_ANALYZER_NONNULL = YES;
				CLANG_ANALYZER_NUMBER_OBJECT_CONVERSION = YES_AGGRESSIVE;
				CLANG_CXX_LANGUAGE_STANDARD = "gnu++20";
				CLANG_ENABLE_MODULES = YES;
				CLANG_ENABLE_OBJC_ARC = YES;
				CLANG_ENABLE_OBJC_WEAK = YES;
				CLANG_WARN_BLOCK_CAPTURE_AUTORELEASING = YES;
				CLANG_WARN_BOOL_CONVERSION = YES;
				CLANG_WARN_COMMA = YES;
				CLANG_WARN_CONSTANT_CONVERSION = YES;
				CLANG_WARN_DEPRECATED_OBJC_IMPLEMENTATIONS = YES;
				CLANG_WARN_DIRECT_OBJC_ISA_USAGE = YES_ERROR;
				CLANG_WARN_DOCUMENTATION_COMMENTS = YES;
				CLANG_WARN_EMPTY_BODY = YES;
				CLANG_WARN_ENUM_CONVERSION = YES;
				CLANG_WARN_INFINITE_RECURSION = YES;
				CLANG_WARN_INT_CONVERSION = YES;
				CLANG_WARN_NON_LITERAL_NULL_CONVERSION = YES;
				CLANG_WARN_OBJC_IMPLICIT_RETAIN_SELF = YES;
				CLANG_WARN_OBJC_LITERAL_CONVERSION = YES;
				CLANG_WARN_OBJC_ROOT_CLASS = YES_ERROR;
				CLANG_WARN_QUOTED_INCLUDE_IN_FRAMEWORK_HEADER = YES;
				CLANG_WARN_RANGE_LOOP_ANALYSIS = YES;
				CLANG_WARN_STRICT_PROTOTYPES = YES;
				CLANG_WARN_SUSPICIOUS_MOVE = YES;
				CLANG_WARN_UNGUARDED_AVAILABILITY = YES_AGGRESSIVE;
				CLANG_WARN_UNREACHABLE_CODE = YES;
				CLANG_WARN__DUPLICATE_METHOD_MATCH = YES;
				COPY_PHASE_STRIP = NO;
				DEBUG_INFORMATION_FORMAT = dwarf;
				ENABLE_STRICT_OBJC_MSGSEND = YES;
				ENABLE_TESTABILITY = YES;
				GCC_C_LANGUAGE_STANDARD = gnu11;
				GCC_DYNAMIC_NO_PIC = NO;
				GCC_NO_COMMON_BLOCKS = YES;
				GCC_OPTIMIZATION_LEVEL = 0;
				GCC_PREPROCESSOR_DEFINITIONS = (
					"DEBUG=1",
					"$(inherited)",
				);
				GCC_WARN_64_TO_32_BIT_CONVERSION = YES;
				GCC_WARN_ABOUT_RETURN_TYPE = YES_ERROR;
				GCC_WARN_UNDECLARED_SELECTOR = YES;
				GCC_WARN_UNINITIALIZED_AUTOS = YES_AGGRESSIVE;
				GCC_WARN_UNUSED_FUNCTION = YES;
				GCC_WARN_UNUSED_VARIABLE = YES;
				IPHONEOS_DEPLOYMENT_TARGET = 16.4;
				MTL_ENABLE_DEBUG_INFO = INCLUDE_SOURCE;
				MTL_FAST_MATH = YES;
				ONLY_ACTIVE_ARCH = YES;
				SDKROOT = iphoneos;
				SWIFT_ACTIVE_COMPILATION_CONDITIONS = DEBUG;
				SWIFT_OPTIMIZATION_LEVEL = "-Onone";
			};
			name = Debug;
		};
		9D68A4F02A4DE0B900BEC781 /* Release */ = {
			isa = XCBuildConfiguration;
			buildSettings = {
				ALWAYS_SEARCH_USER_PATHS = NO;
				CLANG_ANALYZER_NONNULL = YES;
				CLANG_ANALYZER_NUMBER_OBJECT_CONVERSION = YES_AGGRESSIVE;
				CLANG_CXX_LANGUAGE_STANDARD = "gnu++20";
				CLANG_ENABLE_MODULES = YES;
				CLANG_ENABLE_OBJC_ARC = YES;
				CLANG_ENABLE_OBJC_WEAK = YES;
				CLANG_WARN_BLOCK_CAPTURE_AUTORELEASING = YES;
				CLANG_WARN_BOOL_CONVERSION = YES;
				CLANG_WARN_COMMA = YES;
				CLANG_WARN_CONSTANT_CONVERSION = YES;
				CLANG_WARN_DEPRECATED_OBJC_IMPLEMENTATIONS = YES;
				CLANG_WARN_DIRECT_OBJC_ISA_USAGE = YES_ERROR;
				CLANG_WARN_DOCUMENTATION_COMMENTS = YES;
				CLANG_WARN_EMPTY_BODY = YES;
				CLANG_WARN_ENUM_CONVERSION = YES;
				CLANG_WARN_INFINITE_RECURSION = YES;
				CLANG_WARN_INT_CONVERSION = YES;
				CLANG_WARN_NON_LITERAL_NULL_CONVERSION = YES;
				CLANG_WARN_OBJC_IMPLICIT_RETAIN_SELF = YES;
				CLANG_WARN_OBJC_LITERAL_CONVERSION = YES;
				CLANG_WARN_OBJC_ROOT_CLASS = YES_ERROR;
				CLANG_WARN_QUOTED_INCLUDE_IN_FRAMEWORK_HEADER = YES;
				CLANG_WARN_RANGE_LOOP_ANALYSIS = YES;
				CLANG_WARN_STRICT_PROTOTYPES = YES;
				CLANG_WARN_SUSPICIOUS_MOVE = YES;
				CLANG_WARN_UNGUARDED_AVAILABILITY = YES_AGGRESSIVE;
				CLANG_WARN_UNREACHABLE_CODE = YES;
				CLANG_WARN__DUPLICATE_METHOD_MATCH = YES;
				COPY_PHASE_STRIP = NO;
				DEBUG_INFORMATION_FORMAT = "dwarf-with-dsym";
				ENABLE_NS_ASSERTIONS = NO;
				ENABLE_STRICT_OBJC_MSGSEND = YES;
				GCC_C_LANGUAGE_STANDARD = gnu11;
				GCC_NO_COMMON_BLOCKS = YES;
				GCC_WARN_64_TO_32_BIT_CONVERSION = YES;
				GCC_WARN_ABOUT_RETURN_TYPE = YES_ERROR;
				GCC_WARN_UNDECLARED_SELECTOR = YES;
				GCC_WARN_UNINITIALIZED_AUTOS = YES_AGGRESSIVE;
				GCC_WARN_UNUSED_FUNCTION = YES;
				GCC_WARN_UNUSED_VARIABLE = YES;
				IPHONEOS_DEPLOYMENT_TARGET = 16.4;
				MTL_ENABLE_DEBUG_INFO = NO;
				MTL_FAST_MATH = YES;
				SDKROOT = iphoneos;
				SWIFT_COMPILATION_MODE = wholemodule;
				SWIFT_OPTIMIZATION_LEVEL = "-O";
				VALIDATE_PRODUCT = YES;
			};
			name = Release;
		};
		9D68A4F22A4DE0B900BEC781 /* Debug */ = {
			isa = XCBuildConfiguration;
			buildSettings = {
				ASSETCATALOG_COMPILER_APPICON_NAME = AppIcon;
				ASSETCATALOG_COMPILER_GLOBAL_ACCENT_COLOR_NAME = AccentColor;
				CODE_SIGN_STYLE = Automatic;
				CURRENT_PROJECT_VERSION = 1;
				GENERATE_INFOPLIST_FILE = YES;
				INFOPLIST_FILE = "Prueba de Ingreso/Info.plist";
				INFOPLIST_KEY_UIApplicationSupportsIndirectInputEvents = YES;
				INFOPLIST_KEY_UILaunchStoryboardName = LaunchScreen;
				INFOPLIST_KEY_UIMainStoryboardFile = Main;
				INFOPLIST_KEY_UISupportedInterfaceOrientations = UIInterfaceOrientationPortrait;
				LD_RUNPATH_SEARCH_PATHS = (
					"$(inherited)",
					"@executable_path/Frameworks",
				);
				MARKETING_VERSION = 1.0;
				PRODUCT_BUNDLE_IDENTIFIER = "com.andres.Prueba-de-Ingreso";
				PRODUCT_NAME = "$(TARGET_NAME)";
				SWIFT_EMIT_LOC_STRINGS = YES;
				SWIFT_VERSION = 5.0;
				TARGETED_DEVICE_FAMILY = "1,2";
			};
			name = Debug;
		};
		9D68A4F32A4DE0B900BEC781 /* Release */ = {
			isa = XCBuildConfiguration;
			buildSettings = {
				ASSETCATALOG_COMPILER_APPICON_NAME = AppIcon;
				ASSETCATALOG_COMPILER_GLOBAL_ACCENT_COLOR_NAME = AccentColor;
				CODE_SIGN_STYLE = Automatic;
				CURRENT_PROJECT_VERSION = 1;
				GENERATE_INFOPLIST_FILE = YES;
				INFOPLIST_FILE = "Prueba de Ingreso/Info.plist";
				INFOPLIST_KEY_UIApplicationSupportsIndirectInputEvents = YES;
				INFOPLIST_KEY_UILaunchStoryboardName = LaunchScreen;
				INFOPLIST_KEY_UIMainStoryboardFile = Main;
				INFOPLIST_KEY_UISupportedInterfaceOrientations = UIInterfaceOrientationPortrait;
				LD_RUNPATH_SEARCH_PATHS = (
					"$(inherited)",
					"@executable_path/Frameworks",
				);
				MARKETING_VERSION = 1.0;
				PRODUCT_BUNDLE_IDENTIFIER = "com.andres.Prueba-de-Ingreso";
				PRODUCT_NAME = "$(TARGET_NAME)";
				SWIFT_EMIT_LOC_STRINGS = YES;
				SWIFT_VERSION = 5.0;
				TARGETED_DEVICE_FAMILY = "1,2";
			};
			name = Release;
		};
/* End XCBuildConfiguration section */

/* Begin XCConfigurationList section */
		9D68A4D82A4DE0B700BEC781 /* Build configuration list for PBXProject "Prueba de Ingreso" */ = {
			isa = XCConfigurationList;
			buildConfigurations = (
				9D68A4EF2A4DE0B900BEC781 /* Debug */,
				9D68A4F02A4DE0B900BEC781 /* Release */,
			);
			defaultConfigurationIsVisible = 0;
			defaultConfigurationName = Release;
		};
		9D68A4F12A4DE0B900BEC781 /* Build configuration list for PBXNativeTarget "Prueba de Ingreso" */ = {
			isa = XCConfigurationList;
			buildConfigurations = (
				9D68A4F22A4DE0B900BEC781 /* Debug */,
				9D68A4F32A4DE0B900BEC781 /* Release */,
			);
			defaultConfigurationIsVisible = 0;
			defaultConfigurationName = Release;
		};
/* End XCConfigurationList section */
	};
	rootObject = 9D68A4D52A4DE0B700BEC781 /* Project object */;
}
